
Microsoft Visual Studio Solution File, Format Version 12.00
# Visual Studio 15
VisualStudioVersion = 15.0.28307.168
MinimumVisualStudioVersion = 10.0.40219.1
Project("{FAE04EC0-301F-11D3-BF4B-00C04F79EFBC}") = "SendDataToEventHub", "SendDataToEventHub\SendDataToEventHub.csproj", "{40382E40-A695-4D63-B483-C83E214AC1E5}"
EndProject
Global
	GlobalSection(SolutionConfigurationPlatforms) = preSolution
		Debug|Any CPU = Debug|Any CPU
		Release|Any CPU = Release|Any CPU
	EndGlobalSection
	GlobalSection(ProjectConfigurationPlatforms) = postSolution
		{40382E40-A695-4D63-B483-C83E214AC1E5}.Debug|Any CPU.ActiveCfg = Debug|Any CPU
		{40382E40-A695-4D63-B483-C83E214AC1E5}.Debug|Any CPU.Build.0 = Debug|Any CPU
		{40382E40-A695-4D63-B483-C83E214AC1E5}.Release|Any CPU.ActiveCfg = Release|Any CPU
		{40382E40-A695-4D63-B483-C83E214AC1E5}.Release|Any CPU.Build.0 = Release|Any CPU
	EndGlobalSection
	GlobalSection(SolutionProperties) = preSolution
		HideSolutionNode = FALSE
	EndGlobalSection
	GlobalSection(ExtensibilityGlobals) = postSolution
		SolutionGuid = {81446D08-3182-4558-A19C-1A58C65B03D3}
	EndGlobalSection
EndGlobal
